
Microsoft Visual Studio Solution File, Format Version 12.00
# Visual Studio 15
VisualStudioVersion = 15.0.27130.2036
MinimumVisualStudioVersion = 10.0.40219.1
Project("{FAE04EC0-301F-11D3-BF4B-00C04F79EFBC}") = "HelloEmoji.Droid", "HelloEmoji.Droid\HelloEmoji.Droid.csproj", "{0D926E8A-A1F9-42AF-87F1-1ECA66CC170F}"
EndProject
Project("{FAE04EC0-301F-11D3-BF4B-00C04F79EFBC}") = "HelloEmoji.iOS", "HelloEmoji.iOS\HelloEmoji.iOS.csproj", "{E1B0C30F-6584-444C-B98F-B4F0C91F3384}"
EndProject
Project("{FAE04EC0-301F-11D3-BF4B-00C04F79EFBC}") = "HelloEmoji.Core", "HelloEmoji.Core\HelloEmoji.Core.csproj", "{F64A50B3-AE37-4944-BF64-A0FD26AC8135}"
EndProject
Global
	GlobalSection(SolutionConfigurationPlatforms) = preSolution
		Debug|Any CPU = Debug|Any CPU
		Debug|ARM = Debug|ARM
		Debug|iPhone = Debug|iPhone
		Debug|iPhoneSimulator = Debug|iPhoneSimulator
		Debug|x64 = Debug|x64
		Debug|x86 = Debug|x86
		Release|Any CPU = Release|Any CPU
		Release|ARM = Release|ARM
		Release|iPhone = Release|iPhone
		Release|iPhoneSimulator = Release|iPhoneSimulator
		Release|x64 = Release|x64
		Release|x86 = Release|x86
	EndGlobalSection
	GlobalSection(ProjectConfigurationPlatforms) = postSolution
		{0D926E8A-A1F9-42AF-87F1-1ECA66CC170F}.Debug|Any CPU.ActiveCfg = Debug|Any CPU
		{0D926E8A-A1F9-42AF-87F1-1ECA66CC170F}.Debug|Any CPU.Build.0 = Debug|Any CPU
		{0D926E8A-A1F9-42AF-87F1-1ECA66CC170F}.Debug|Any CPU.Deploy.0 = Debug|Any CPU
		{0D926E8A-A1F9-42AF-87F1-1ECA66CC170F}.Debug|ARM.ActiveCfg = Debug|Any CPU
		{0D926E8A-A1F9-42AF-87F1-1ECA66CC170F}.Debug|ARM.Build.0 = Debug|Any CPU
		{0D926E8A-A1F9-42AF-87F1-1ECA66CC170F}.Debug|ARM.Deploy.0 = Debug|Any CPU
		{0D926E8A-A1F9-42AF-87F1-1ECA66CC170F}.Debug|iPhone.ActiveCfg = Debug|Any CPU
		{0D926E8A-A1F9-42AF-87F1-1ECA66CC170F}.Debug|iPhone.Build.0 = Debug|Any CPU
		{0D926E8A-A1F9-42AF-87F1-1ECA66CC170F}.Debug|iPhone.Deploy.0 = Debug|Any CPU
		{0D926E8A-A1F9-42AF-87F1-1ECA66CC170F}.Debug|iPhoneSimulator.ActiveCfg = Debug|Any CPU
		{0D926E8A-A1F9-42AF-87F1-1ECA66CC170F}.Debug|iPhoneSimulator.Build.0 = Debug|Any CPU
		{0D926E8A-A1F9-42AF-87F1-1ECA66CC170F}.Debug|iPhoneSimulator.Deploy.0 = Debug|Any CPU
		{0D926E8A-A1F9-42AF-87F1-1ECA66CC170F}.Debug|x64.ActiveCfg = Debug|Any CPU
		{0D926E8A-A1F9-42AF-87F1-1ECA66CC170F}.Debug|x64.Build.0 = Debug|Any CPU
		{0D926E8A-A1F9-42AF-87F1-1ECA66CC170F}.Debug|x64.Deploy.0 = Debug|Any CPU
		{0D926E8A-A1F9-42AF-87F1-1ECA66CC170F}.Debug|x86.ActiveCfg = Debug|Any CPU
		{0D926E8A-A1F9-42AF-87F1-1ECA66CC170F}.Debug|x86.Build.0 = Debug|Any CPU
		{0D926E8A-A1F9-42AF-87F1-1ECA66CC170F}.Debug|x86.Deploy.0 = Debug|Any CPU
		{0D926E8A-A1F9-42AF-87F1-1ECA66CC170F}.Release|Any CPU.ActiveCfg = Release|Any CPU
		{0D926E8A-A1F9-42AF-87F1-1ECA66CC170F}.Release|Any CPU.Build.0 = Release|Any CPU
		{0D926E8A-A1F9-42AF-87F1-1ECA66CC170F}.Release|Any CPU.Deploy.0 = Release|Any CPU
		{0D926E8A-A1F9-42AF-87F1-1ECA66CC170F}.Release|ARM.ActiveCfg = Release|Any CPU
		{0D926E8A-A1F9-42AF-87F1-1ECA66CC170F}.Release|ARM.Build.0 = Release|Any CPU
		{0D926E8A-A1F9-42AF-87F1-1ECA66CC170F}.Release|ARM.Deploy.0 = Release|Any CPU
		{0D926E8A-A1F9-42AF-87F1-1ECA66CC170F}.Release|iPhone.ActiveCfg = Release|Any CPU
		{0D926E8A-A1F9-42AF-87F1-1ECA66CC170F}.Release|iPhone.Build.0 = Release|Any CPU
		{0D926E8A-A1F9-42AF-87F1-1ECA66CC170F}.Release|iPhone.Deploy.0 = Release|Any CPU
		{0D926E8A-A1F9-42AF-87F1-1ECA66CC170F}.Release|iPhoneSimulator.ActiveCfg = Release|Any CPU
		{0D926E8A-A1F9-42AF-87F1-1ECA66CC170F}.Release|iPhoneSimulator.Build.0 = Release|Any CPU
		{0D926E8A-A1F9-42AF-87F1-1ECA66CC170F}.Release|iPhoneSimulator.Deploy.0 = Release|Any CPU
		{0D926E8A-A1F9-42AF-87F1-1ECA66CC170F}.Release|x64.ActiveCfg = Release|Any CPU
		{0D926E8A-A1F9-42AF-87F1-1ECA66CC170F}.Release|x64.Build.0 = Release|Any CPU
		{0D926E8A-A1F9-42AF-87F1-1ECA66CC170F}.Release|x64.Deploy.0 = Release|Any CPU
		{0D926E8A-A1F9-42AF-87F1-1ECA66CC170F}.Release|x86.ActiveCfg = Release|Any CPU
		{0D926E8A-A1F9-42AF-87F1-1ECA66CC170F}.Release|x86.Build.0 = Release|Any CPU
		{0D926E8A-A1F9-42AF-87F1-1ECA66CC170F}.Release|x86.Deploy.0 = Release|Any CPU
		{E1B0C30F-6584-444C-B98F-B4F0C91F3384}.Debug|Any CPU.ActiveCfg = Debug|iPhone
		{E1B0C30F-6584-444C-B98F-B4F0C91F3384}.Debug|ARM.ActiveCfg = Debug|iPhoneSimulator
		{E1B0C30F-6584-444C-B98F-B4F0C91F3384}.Debug|iPhone.ActiveCfg = Debug|iPhone
		{E1B0C30F-6584-444C-B98F-B4F0C91F3384}.Debug|iPhone.Build.0 = Debug|iPhone
		{E1B0C30F-6584-444C-B98F-B4F0C91F3384}.Debug|iPhoneSimulator.ActiveCfg = Debug|iPhoneSimulator
		{E1B0C30F-6584-444C-B98F-B4F0C91F3384}.Debug|iPhoneSimulator.Build.0 = Debug|iPhoneSimulator
		{E1B0C30F-6584-444C-B98F-B4F0C91F3384}.Debug|x64.ActiveCfg = Debug|iPhoneSimulator
		{E1B0C30F-6584-444C-B98F-B4F0C91F3384}.Debug|x86.ActiveCfg = Debug|iPhoneSimulator
		{E1B0C30F-6584-444C-B98F-B4F0C91F3384}.Release|Any CPU.ActiveCfg = Release|iPhone
		{E1B0C30F-6584-444C-B98F-B4F0C91F3384}.Release|ARM.ActiveCfg = Release|iPhoneSimulator
		{E1B0C30F-6584-444C-B98F-B4F0C91F3384}.Release|iPhone.ActiveCfg = Release|iPhone
		{E1B0C30F-6584-444C-B98F-B4F0C91F3384}.Release|iPhone.Build.0 = Release|iPhone
		{E1B0C30F-6584-444C-B98F-B4F0C91F3384}.Release|iPhoneSimulator.ActiveCfg = Release|iPhoneSimulator
		{E1B0C30F-6584-444C-B98F-B4F0C91F3384}.Release|iPhoneSimulator.Build.0 = Release|iPhoneSimulator
		{E1B0C30F-6584-444C-B98F-B4F0C91F3384}.Release|x64.ActiveCfg = Release|iPhoneSimulator
		{E1B0C30F-6584-444C-B98F-B4F0C91F3384}.Release|x86.ActiveCfg = Release|iPhoneSimulator
		{F64A50B3-AE37-4944-BF64-A0FD26AC8135}.Debug|Any CPU.ActiveCfg = Debug|Any CPU
		{F64A50B3-AE37-4944-BF64-A0FD26AC8135}.Debug|Any CPU.Build.0 = Debug|Any CPU
		{F64A50B3-AE37-4944-BF64-A0FD26AC8135}.Debug|ARM.ActiveCfg = Debug|Any CPU
		{F64A50B3-AE37-4944-BF64-A0FD26AC8135}.Debug|ARM.Build.0 = Debug|Any CPU
		{F64A50B3-AE37-4944-BF64-A0FD26AC8135}.Debug|iPhone.ActiveCfg = Debug|Any CPU
		{F64A50B3-AE37-4944-BF64-A0FD26AC8135}.Debug|iPhone.Build.0 = Debug|Any CPU
		{F64A50B3-AE37-4944-BF64-A0FD26AC8135}.Debug|iPhoneSimulator.ActiveCfg = Debug|Any CPU
		{F64A50B3-AE37-4944-BF64-A0FD26AC8135}.Debug|iPhoneSimulator.Build.0 = Debug|Any CPU
		{F64A50B3-AE37-4944-BF64-A0FD26AC8135}.Debug|x64.ActiveCfg = Debug|Any CPU
		{F64A50B3-AE37-4944-BF64-A0FD26AC8135}.Debug|x64.Build.0 = Debug|Any CPU
		{F64A50B3-AE37-4944-BF64-A0FD26AC8135}.Debug|x86.ActiveCfg = Debug|Any CPU
		{F64A50B3-AE37-4944-BF64-A0FD26AC8135}.Debug|x86.Build.0 = Debug|Any CPU
		{F64A50B3-AE37-4944-BF64-A0FD26AC8135}.Release|Any CPU.ActiveCfg = Release|Any CPU
		{F64A50B3-AE37-4944-BF64-A0FD26AC8135}.Release|Any CPU.Build.0 = Release|Any CPU
		{F64A50B3-AE37-4944-BF64-A0FD26AC8135}.Release|ARM.ActiveCfg = Release|Any CPU
		{F64A50B3-AE37-4944-BF64-A0FD26AC8135}.Release|ARM.Build.0 = Release|Any CPU
		{F64A50B3-AE37-4944-BF64-A0FD26AC8135}.Release|iPhone.ActiveCfg = Release|Any CPU
		{F64A50B3-AE37-4944-BF64-A0FD26AC8135}.Release|iPhone.Build.0 = Release|Any CPU
		{F64A50B3-AE37-4944-BF64-A0FD26AC8135}.Release|iPhoneSimulator.ActiveCfg = Release|Any CPU
		{F64A50B3-AE37-4944-BF64-A0FD26AC8135}.Release|iPhoneSimulator.Build.0 = Release|Any CPU
		{F64A50B3-AE37-4944-BF64-A0FD26AC8135}.Release|x64.ActiveCfg = Release|Any CPU
		{F64A50B3-AE37-4944-BF64-A0FD26AC8135}.Release|x64.Build.0 = Release|Any CPU
		{F64A50B3-AE37-4944-BF64-A0FD26AC8135}.Release|x86.ActiveCfg = Release|Any CPU
		{F64A50B3-AE37-4944-BF64-A0FD26AC8135}.Release|x86.Build.0 = Release|Any CPU
	EndGlobalSection
	GlobalSection(SolutionProperties) = preSolution
		HideSolutionNode = FALSE
	EndGlobalSection
	GlobalSection(ExtensibilityGlobals) = postSolution
		SolutionGuid = {F31B936B-EB9D-4DC0-98B9-C764C678419A}
	EndGlobalSection
EndGlobal
